%{"decimal": {:hex, :decimal, "1.1.0"},
  "ecto": {:hex, :ecto, "0.10.2"},
  "ecto_it": {:git, "https://github.com/xerions/ecto_it", "08d7addcc15acf9200d64ac522a0ace6ecf5a2ef", []},
  "ecto_migrate": {:git, "https://github.com/xerions/ecto_migrate", "51697127a031981d51b0a4e6e5ff5d78dd19e555", []},
  "mariaex": {:hex, :mariaex, "0.1.4"},
  "poolboy": {:hex, :poolboy, "1.4.2"},
  "postgrex": {:hex, :postgrex, "0.8.1"}}
